
Microsoft Visual Studio Solution File, Format Version 12.00
# Visual Studio Version 16
VisualStudioVersion = 16.0.31129.286
MinimumVisualStudioVersion = 10.0.40219.1
Project("{FAE04EC0-301F-11D3-BF4B-00C04F79EFBC}") = "PasswordValidation", "PasswordValidation\PasswordValidation.csproj", "{A5FA40D6-5678-4187-B484-D5402609BED2}"
EndProject
Project("{FAE04EC0-301F-11D3-BF4B-00C04F79EFBC}") = "Dans", "..\Dans\Dans\Dans.csproj", "{7B831E62-F03B-4E60-9945-9CF9FB5E45B6}"
EndProject
Project("{FAE04EC0-301F-11D3-BF4B-00C04F79EFBC}") = "Fodbold", "..\Fodbold\Fodbold\Fodbold.csproj", "{4FBF82B6-2D59-4F46-A7C4-2EA4D9D7D89E}"
EndProject
Global
	GlobalSection(SolutionConfigurationPlatforms) = preSolution
		Debug|Any CPU = Debug|Any CPU
		Release|Any CPU = Release|Any CPU
	EndGlobalSection
	GlobalSection(ProjectConfigurationPlatforms) = postSolution
		{A5FA40D6-5678-4187-B484-D5402609BED2}.Debug|Any CPU.ActiveCfg = Debug|Any CPU
		{A5FA40D6-5678-4187-B484-D5402609BED2}.Debug|Any CPU.Build.0 = Debug|Any CPU
		{A5FA40D6-5678-4187-B484-D5402609BED2}.Release|Any CPU.ActiveCfg = Release|Any CPU
		{A5FA40D6-5678-4187-B484-D5402609BED2}.Release|Any CPU.Build.0 = Release|Any CPU
		{7B831E62-F03B-4E60-9945-9CF9FB5E45B6}.Debug|Any CPU.ActiveCfg = Debug|Any CPU
		{7B831E62-F03B-4E60-9945-9CF9FB5E45B6}.Debug|Any CPU.Build.0 = Debug|Any CPU
		{7B831E62-F03B-4E60-9945-9CF9FB5E45B6}.Release|Any CPU.ActiveCfg = Release|Any CPU
		{7B831E62-F03B-4E60-9945-9CF9FB5E45B6}.Release|Any CPU.Build.0 = Release|Any CPU
		{4FBF82B6-2D59-4F46-A7C4-2EA4D9D7D89E}.Debug|Any CPU.ActiveCfg = Debug|Any CPU
		{4FBF82B6-2D59-4F46-A7C4-2EA4D9D7D89E}.Debug|Any CPU.Build.0 = Debug|Any CPU
		{4FBF82B6-2D59-4F46-A7C4-2EA4D9D7D89E}.Release|Any CPU.ActiveCfg = Release|Any CPU
		{4FBF82B6-2D59-4F46-A7C4-2EA4D9D7D89E}.Release|Any CPU.Build.0 = Release|Any CPU
	EndGlobalSection
	GlobalSection(SolutionProperties) = preSolution
		HideSolutionNode = FALSE
	EndGlobalSection
	GlobalSection(ExtensibilityGlobals) = postSolution
		SolutionGuid = {FA759C17-C767-464F-ADC2-7A94C6DDE559}
	EndGlobalSection
EndGlobal
